
Microsoft Visual Studio Solution File, Format Version 12.00
# Visual Studio Version 17
VisualStudioVersion = 17.9.34714.143
MinimumVisualStudioVersion = 10.0.40219.1
Project("{FAE04EC0-301F-11D3-BF4B-00C04F79EFBC}") = "MvcOnlineTicariOtomasyon", "MvcOnlineTicariOtomasyon\MvcOnlineTicariOtomasyon.csproj", "{D156A701-D46E-48F5-B989-1F755068D91E}"
EndProject
Global
	GlobalSection(SolutionConfigurationPlatforms) = preSolution
		Debug|Any CPU = Debug|Any CPU
		Release|Any CPU = Release|Any CPU
	EndGlobalSection
	GlobalSection(ProjectConfigurationPlatforms) = postSolution
		{D156A701-D46E-48F5-B989-1F755068D91E}.Debug|Any CPU.ActiveCfg = Debug|Any CPU
		{D156A701-D46E-48F5-B989-1F755068D91E}.Debug|Any CPU.Build.0 = Debug|Any CPU
		{D156A701-D46E-48F5-B989-1F755068D91E}.Release|Any CPU.ActiveCfg = Release|Any CPU
		{D156A701-D46E-48F5-B989-1F755068D91E}.Release|Any CPU.Build.0 = Release|Any CPU
	EndGlobalSection
	GlobalSection(SolutionProperties) = preSolution
		HideSolutionNode = FALSE
	EndGlobalSection
	GlobalSection(ExtensibilityGlobals) = postSolution
		SolutionGuid = {33408ADB-B423-4931-9B3C-20443ED1E21F}
	EndGlobalSection
EndGlobal
